
Microsoft Visual Studio Solution File, Format Version 12.00
# Visual Studio Version 17
VisualStudioVersion = 17.4.33213.308
MinimumVisualStudioVersion = 10.0.40219.1
Project("{9A19103F-16F7-4668-BE54-9A1E7A4F7556}") = "Autotest.Mvc", "Autotest.Mvc.csproj", "{C6C250D4-B5F8-4EEB-A3D2-A6EE45764925}"
EndProject
Global
	GlobalSection(SolutionConfigurationPlatforms) = preSolution
		Debug|Any CPU = Debug|Any CPU
		Release|Any CPU = Release|Any CPU
	EndGlobalSection
	GlobalSection(ProjectConfigurationPlatforms) = postSolution
		{C6C250D4-B5F8-4EEB-A3D2-A6EE45764925}.Debug|Any CPU.ActiveCfg = Debug|Any CPU
		{C6C250D4-B5F8-4EEB-A3D2-A6EE45764925}.Debug|Any CPU.Build.0 = Debug|Any CPU
		{C6C250D4-B5F8-4EEB-A3D2-A6EE45764925}.Release|Any CPU.ActiveCfg = Release|Any CPU
		{C6C250D4-B5F8-4EEB-A3D2-A6EE45764925}.Release|Any CPU.Build.0 = Release|Any CPU
	EndGlobalSection
	GlobalSection(SolutionProperties) = preSolution
		HideSolutionNode = FALSE
	EndGlobalSection
	GlobalSection(ExtensibilityGlobals) = postSolution
		SolutionGuid = {FB9F6693-A10A-4A70-B292-1D2B08EF7BFE}
	EndGlobalSection
EndGlobal
